
Microsoft Visual Studio Solution File, Format Version 12.00
# Visual Studio Version 17
VisualStudioVersion = 17.5.33516.290
MinimumVisualStudioVersion = 10.0.40219.1
Project("{FAE04EC0-301F-11D3-BF4B-00C04F79EFBC}") = "FirebaseIntegration", "FirebaseIntegration.csproj", "{48FC3EC6-B305-4BE8-8FBB-EA59206FDDFE}"
EndProject
Global
	GlobalSection(SolutionConfigurationPlatforms) = preSolution
		Debug|Any CPU = Debug|Any CPU
		Release|Any CPU = Release|Any CPU
	EndGlobalSection
	GlobalSection(ProjectConfigurationPlatforms) = postSolution
		{48FC3EC6-B305-4BE8-8FBB-EA59206FDDFE}.Debug|Any CPU.ActiveCfg = Debug|Any CPU
		{48FC3EC6-B305-4BE8-8FBB-EA59206FDDFE}.Debug|Any CPU.Build.0 = Debug|Any CPU
		{48FC3EC6-B305-4BE8-8FBB-EA59206FDDFE}.Release|Any CPU.ActiveCfg = Release|Any CPU
		{48FC3EC6-B305-4BE8-8FBB-EA59206FDDFE}.Release|Any CPU.Build.0 = Release|Any CPU
	EndGlobalSection
	GlobalSection(SolutionProperties) = preSolution
		HideSolutionNode = FALSE
	EndGlobalSection
	GlobalSection(ExtensibilityGlobals) = postSolution
		SolutionGuid = {91682D71-9B6A-4B13-8DA6-F3AB50F03231}
	EndGlobalSection
EndGlobal
